
Microsoft Visual Studio Solution File, Format Version 12.00
# Visual Studio Version 17
VisualStudioVersion = 17.13.35913.81
MinimumVisualStudioVersion = 10.0.40219.1
Project("{8BC9CEB8-8B4A-11D0-8D11-00A0C91BC942}") = "KMDF Driver", "KMDF Driver\KMDF Driver.vcxproj", "{EB8BCBD5-FAE7-0E54-0524-DEE5F81B0BDB}"
EndProject
Project("{8BC9CEB8-8B4A-11D0-8D11-00A0C91BC942}") = "TestingFramework", "TestingFramework\TestingFramework.vcxproj", "{E4E353F4-F106-4548-B77A-F9B3C7AE5E4F}"
EndProject
Global
	GlobalSection(SolutionConfigurationPlatforms) = preSolution
		Debug|ARM64 = Debug|ARM64
		Debug|x64 = Debug|x64
		Release|ARM64 = Release|ARM64
		Release|x64 = Release|x64
	EndGlobalSection
	GlobalSection(ProjectConfigurationPlatforms) = postSolution
		{EB8BCBD5-FAE7-0E54-0524-DEE5F81B0BDB}.Debug|ARM64.ActiveCfg = Debug|ARM64
		{EB8BCBD5-FAE7-0E54-0524-DEE5F81B0BDB}.Debug|ARM64.Build.0 = Debug|ARM64
		{EB8BCBD5-FAE7-0E54-0524-DEE5F81B0BDB}.Debug|ARM64.Deploy.0 = Debug|ARM64
		{EB8BCBD5-FAE7-0E54-0524-DEE5F81B0BDB}.Debug|x64.ActiveCfg = Debug|x64
		{EB8BCBD5-FAE7-0E54-0524-DEE5F81B0BDB}.Debug|x64.Build.0 = Debug|x64
		{EB8BCBD5-FAE7-0E54-0524-DEE5F81B0BDB}.Debug|x64.Deploy.0 = Debug|x64
		{EB8BCBD5-FAE7-0E54-0524-DEE5F81B0BDB}.Release|ARM64.ActiveCfg = Release|ARM64
		{EB8BCBD5-FAE7-0E54-0524-DEE5F81B0BDB}.Release|ARM64.Build.0 = Release|ARM64
		{EB8BCBD5-FAE7-0E54-0524-DEE5F81B0BDB}.Release|ARM64.Deploy.0 = Release|ARM64
		{EB8BCBD5-FAE7-0E54-0524-DEE5F81B0BDB}.Release|x64.ActiveCfg = Release|x64
		{EB8BCBD5-FAE7-0E54-0524-DEE5F81B0BDB}.Release|x64.Build.0 = Release|x64
		{EB8BCBD5-FAE7-0E54-0524-DEE5F81B0BDB}.Release|x64.Deploy.0 = Release|x64
		{E4E353F4-F106-4548-B77A-F9B3C7AE5E4F}.Debug|ARM64.ActiveCfg = TestingDebug|x64
		{E4E353F4-F106-4548-B77A-F9B3C7AE5E4F}.Debug|ARM64.Build.0 = TestingDebug|x64
		{E4E353F4-F106-4548-B77A-F9B3C7AE5E4F}.Debug|x64.ActiveCfg = TestingDebug|x64
		{E4E353F4-F106-4548-B77A-F9B3C7AE5E4F}.Debug|x64.Build.0 = TestingDebug|x64
		{E4E353F4-F106-4548-B77A-F9B3C7AE5E4F}.Release|ARM64.ActiveCfg = TestingRelease|x64
		{E4E353F4-F106-4548-B77A-F9B3C7AE5E4F}.Release|ARM64.Build.0 = TestingRelease|x64
		{E4E353F4-F106-4548-B77A-F9B3C7AE5E4F}.Release|x64.ActiveCfg = TestingRelease|x64
		{E4E353F4-F106-4548-B77A-F9B3C7AE5E4F}.Release|x64.Build.0 = TestingRelease|x64
	EndGlobalSection
	GlobalSection(SolutionProperties) = preSolution
		HideSolutionNode = FALSE
	EndGlobalSection
	GlobalSection(ExtensibilityGlobals) = postSolution
		SolutionGuid = {9DF366B1-F18A-49FB-890C-040186AB1339}
	EndGlobalSection
EndGlobal
